
Microsoft Visual Studio Solution File, Format Version 12.00
# Visual Studio Version 16
VisualStudioVersion = 16.0.29509.3
MinimumVisualStudioVersion = 10.0.40219.1
Project("{9A19103F-16F7-4668-BE54-9A1E7A4F7556}") = "BattleAxe.IO.FileSystem", "BattleAxe.IO.FileSystem\BattleAxe.IO.FileSystem.csproj", "{909C6837-8FA8-4A08-8809-1D8380F60BC8}"
EndProject
Project("{FAE04EC0-301F-11D3-BF4B-00C04F79EFBC}") = "BattleAxe.IO.FileSystem.Tests", "BattleAxe.IO.FileSystem.Tests\BattleAxe.IO.FileSystem.Tests.csproj", "{83B85699-D397-4674-89EB-0920BD3900CF}"
EndProject
Global
	GlobalSection(SolutionConfigurationPlatforms) = preSolution
		Debug|Any CPU = Debug|Any CPU
		Release|Any CPU = Release|Any CPU
	EndGlobalSection
	GlobalSection(ProjectConfigurationPlatforms) = postSolution
		{909C6837-8FA8-4A08-8809-1D8380F60BC8}.Debug|Any CPU.ActiveCfg = Debug|Any CPU
		{909C6837-8FA8-4A08-8809-1D8380F60BC8}.Debug|Any CPU.Build.0 = Debug|Any CPU
		{909C6837-8FA8-4A08-8809-1D8380F60BC8}.Release|Any CPU.ActiveCfg = Release|Any CPU
		{909C6837-8FA8-4A08-8809-1D8380F60BC8}.Release|Any CPU.Build.0 = Release|Any CPU
		{83B85699-D397-4674-89EB-0920BD3900CF}.Debug|Any CPU.ActiveCfg = Debug|Any CPU
		{83B85699-D397-4674-89EB-0920BD3900CF}.Debug|Any CPU.Build.0 = Debug|Any CPU
		{83B85699-D397-4674-89EB-0920BD3900CF}.Release|Any CPU.ActiveCfg = Release|Any CPU
		{83B85699-D397-4674-89EB-0920BD3900CF}.Release|Any CPU.Build.0 = Release|Any CPU
	EndGlobalSection
	GlobalSection(SolutionProperties) = preSolution
		HideSolutionNode = FALSE
	EndGlobalSection
	GlobalSection(ExtensibilityGlobals) = postSolution
		SolutionGuid = {9C824F52-28AB-42CB-A6F8-B86779046D89}
	EndGlobalSection
EndGlobal
